
Microsoft Visual Studio Solution File, Format Version 11.00
# Visual Studio 2010
Project("{FAE04EC0-301F-11D3-BF4B-00C04F79EFBC}") = "Assembly-CSharp", "Assembly-CSharp.csproj", "{a33ad245-edc2-d894-dd8e-8a9ec4e8ee5a}"
EndProject
Project("{FAE04EC0-301F-11D3-BF4B-00C04F79EFBC}") = "Assembly-CSharp-Editor", "Assembly-CSharp-Editor.csproj", "{5b465850-9576-3c22-e945-b0676abb273d}"
EndProject
Global
	GlobalSection(SolutionConfigurationPlatforms) = preSolution
		Debug|Any CPU = Debug|Any CPU
	EndGlobalSection
	GlobalSection(ProjectConfigurationPlatforms) = postSolution
		{a33ad245-edc2-d894-dd8e-8a9ec4e8ee5a}.Debug|Any CPU.ActiveCfg = Debug|Any CPU
		{a33ad245-edc2-d894-dd8e-8a9ec4e8ee5a}.Debug|Any CPU.Build.0 = Debug|Any CPU
		{5b465850-9576-3c22-e945-b0676abb273d}.Debug|Any CPU.ActiveCfg = Debug|Any CPU
		{5b465850-9576-3c22-e945-b0676abb273d}.Debug|Any CPU.Build.0 = Debug|Any CPU
	EndGlobalSection
	GlobalSection(SolutionProperties) = preSolution
		HideSolutionNode = FALSE
	EndGlobalSection
EndGlobal
